Microsoft Visual Studio Solution File, Format Version 12.00
# Visual Studio Version 17
VisualStudioVersion = 17.5.2.0
MinimumVisualStudioVersion = 10.0.40219.1
Project("{FAE04EC0-301F-11D3-BF4B-00C04F79EFBC}") = "server-a", "server-a\server-a.csproj", "{FCEE6B32-7CE7-8464-02A2-FD3384B06C70}"
EndProject
Global
	GlobalSection(SolutionConfigurationPlatforms) = preSolution
		Debug|Any CPU = Debug|Any CPU
		Release|Any CPU = Release|Any CPU
	EndGlobalSection
	GlobalSection(ProjectConfigurationPlatforms) = postSolution
		{FCEE6B32-7CE7-8464-02A2-FD3384B06C70}.Debug|Any CPU.ActiveCfg = Debug|Any CPU
		{FCEE6B32-7CE7-8464-02A2-FD3384B06C70}.Debug|Any CPU.Build.0 = Debug|Any CPU
		{FCEE6B32-7CE7-8464-02A2-FD3384B06C70}.Release|Any CPU.ActiveCfg = Release|Any CPU
		{FCEE6B32-7CE7-8464-02A2-FD3384B06C70}.Release|Any CPU.Build.0 = Release|Any CPU
	EndGlobalSection
	GlobalSection(SolutionProperties) = preSolution
		HideSolutionNode = FALSE
	EndGlobalSection
	GlobalSection(NestedProjects) = preSolution
		{FCEE6B32-7CE7-8464-02A2-FD3384B06C70} = {88674C6D-6EEA-630F-0369-81CE1079CC82}
	EndGlobalSection
	GlobalSection(ExtensibilityGlobals) = postSolution
		SolutionGuid = {A0BC2EEF-8371-45A7-9E31-F49BBFDBF10B}
	EndGlobalSection
EndGlobal
